
Microsoft Visual Studio Solution File, Format Version 12.00
# Visual Studio Version 16
VisualStudioVersion = 16.0.30907.101
MinimumVisualStudioVersion = 10.0.40219.1
Project("{FAE04EC0-301F-11D3-BF4B-00C04F79EFBC}") = "assisted_reader", "assisted_reader\assisted_reader.csproj", "{BA082DE4-D0F5-456E-B975-1E4D3F1FBA32}"
EndProject
Global
	GlobalSection(SolutionConfigurationPlatforms) = preSolution
		Debug|Any CPU = Debug|Any CPU
		Release|Any CPU = Release|Any CPU
	EndGlobalSection
	GlobalSection(ProjectConfigurationPlatforms) = postSolution
		{BA082DE4-D0F5-456E-B975-1E4D3F1FBA32}.Debug|Any CPU.ActiveCfg = Debug|Any CPU
		{BA082DE4-D0F5-456E-B975-1E4D3F1FBA32}.Debug|Any CPU.Build.0 = Debug|Any CPU
		{BA082DE4-D0F5-456E-B975-1E4D3F1FBA32}.Release|Any CPU.ActiveCfg = Release|Any CPU
		{BA082DE4-D0F5-456E-B975-1E4D3F1FBA32}.Release|Any CPU.Build.0 = Release|Any CPU
	EndGlobalSection
	GlobalSection(SolutionProperties) = preSolution
		HideSolutionNode = FALSE
	EndGlobalSection
	GlobalSection(ExtensibilityGlobals) = postSolution
		SolutionGuid = {696EDFB9-508D-472A-B1E9-3F455EE41841}
	EndGlobalSection
EndGlobal
